// !$*UTF8*$!
{
	archiveVersion = 1;
	classes = {
	};
	objectVersion = 56;
	objects = {

/* Begin PBXBuildFile section */
		1FD1F60E98F641AEF99FF3F9 /* Pods_CustomTableView.framework in Frameworks */ = {isa = PBXBuildFile; fileRef = D0E1B3C620C749392E3FDB9C /* Pods_CustomTableView.framework */; };
		22B8EA6529A0CCFC00B3726B /* MovieDetailViewController.swift in Sources */ = {isa = PBXBuildFile; fileRef = 22B8EA6429A0CCFC00B3726B /* MovieDetailViewController.swift */; };
		51D6DA2B2998D710004D81B8 /* AppDelegate.swift in Sources */ = {isa = PBXBuildFile; fileRef = 51D6DA2A2998D710004D81B8 /* AppDelegate.swift */; };
		51D6DA2D2998D710004D81B8 /* SceneDelegate.swift in Sources */ = {isa = PBXBuildFile; fileRef = 51D6DA2C2998D710004D81B8 /* SceneDelegate.swift */; };
		51D6DA2F2998D710004D81B8 /* ViewController.swift in Sources */ = {isa = PBXBuildFile; fileRef = 51D6DA2E2998D710004D81B8 /* ViewController.swift */; };
		51D6DA322998D710004D81B8 /* Main.storyboard in Resources */ = {isa = PBXBuildFile; fileRef = 51D6DA302998D710004D81B8 /* Main.storyboard */; };
		51D6DA342998D712004D81B8 /* Assets.xcassets in Resources */ = {isa = PBXBuildFile; fileRef = 51D6DA332998D712004D81B8 /* Assets.xcassets */; };
		51D6DA372998D712004D81B8 /* LaunchScreen.storyboard in Resources */ = {isa = PBXBuildFile; fileRef = 51D6DA352998D712004D81B8 /* LaunchScreen.storyboard */; };
		51D6DAA82998EB1B004D81B8 /* Movie.swift in Sources */ = {isa = PBXBuildFile; fileRef = 51D6DAA72998EB1B004D81B8 /* Movie.swift */; };
		51D6DAAA2998EDC2004D81B8 /* MovieTableViewCell.swift in Sources */ = {isa = PBXBuildFile; fileRef = 51D6DAA92998EDC2004D81B8 /* MovieTableViewCell.swift */; };
/* End PBXBuildFile section */

/* Begin PBXFileReference section */
		22B8EA6429A0CCFC00B3726B /* MovieDetailViewController.swift */ = {isa = PBXFileReference; lastKnownFileType = sourcecode.swift; path = MovieDetailViewController.swift; sourceTree = "<group>"; };
		4D5EF3D360E1AC5B71638590 /* Pods-CustomTableView.release.xcconfig */ = {isa = PBXFileReference; includeInIndex = 1; lastKnownFileType = text.xcconfig; name = "Pods-CustomTableView.release.xcconfig"; path = "Target Support Files/Pods-CustomTableView/Pods-CustomTableView.release.xcconfig"; sourceTree = "<group>"; };
		51D6DA272998D70F004D81B8 /* CustomTableView.app */ = {isa = PBXFileReference; explicitFileType = wrapper.application; includeInIndex = 0; path = CustomTableView.app; sourceTree = BUILT_PRODUCTS_DIR; };
		51D6DA2A2998D710004D81B8 /* AppDelegate.swift */ = {isa = PBXFileReference; lastKnownFileType = sourcecode.swift; path = AppDelegate.swift; sourceTree = "<group>"; };
		51D6DA2C2998D710004D81B8 /* SceneDelegate.swift */ = {isa = PBXFileReference; lastKnownFileType = sourcecode.swift; path = SceneDelegate.swift; sourceTree = "<group>"; };
		51D6DA2E2998D710004D81B8 /* ViewController.swift */ = {isa = PBXFileReference; lastKnownFileType = sourcecode.swift; path = ViewController.swift; sourceTree = "<group>"; };
		51D6DA312998D710004D81B8 /* Base */ = {isa = PBXFileReference; lastKnownFileType = file.storyboard; name = Base; path = Base.lproj/Main.storyboard; sourceTree = "<group>"; };
		51D6DA332998D712004D81B8 /* Assets.xcassets */ = {isa = PBXFileReference; lastKnownFileType = folder.assetcatalog; path = Assets.xcassets; sourceTree = "<group>"; };
		51D6DA362998D712004D81B8 /* Base */ = {isa = PBXFileReference; lastKnownFileType = file.storyboard; name = Base; path = Base.lproj/LaunchScreen.storyboard; sourceTree = "<group>"; };
		51D6DA382998D712004D81B8 /* Info.plist */ = {isa = PBXFileReference; lastKnownFileType = text.plist.xml; path = Info.plist; sourceTree = "<group>"; };
		51D6DAA72998EB1B004D81B8 /* Movie.swift */ = {isa = PBXFileReference; lastKnownFileType = sourcecode.swift; path = Movie.swift; sourceTree = "<group>"; };
		51D6DAA92998EDC2004D81B8 /* MovieTableViewCell.swift */ = {isa = PBXFileReference; lastKnownFileType = sourcecode.swift; path = MovieTableViewCell.swift; sourceTree = "<group>"; };
		77613F1BE6C513F79C839B32 /* Pods-CustomTableView.debug.xcconfig */ = {isa = PBXFileReference; includeInIndex = 1; lastKnownFileType = text.xcconfig; name = "Pods-CustomTableView.debug.xcconfig"; path = "Target Support Files/Pods-CustomTableView/Pods-CustomTableView.debug.xcconfig"; sourceTree = "<group>"; };
		D0E1B3C620C749392E3FDB9C /* Pods_CustomTableView.framework */ = {isa = PBXFileReference; explicitFileType = wrapper.framework; includeInIndex = 0; path = Pods_CustomTableView.framework; sourceTree = BUILT_PRODUCTS_DIR; };
/* End PBXFileReference section */

/* Begin PBXFrameworksBuildPhase section */
		51D6DA242998D70F004D81B8 /* Frameworks */ = {
			isa = PBXFrameworksBuildPhase;
			buildActionMask = 2147483647;
			files = (
				1FD1F60E98F641AEF99FF3F9 /* Pods_CustomTableView.framework in Frameworks */,
			);
			runOnlyForDeploymentPostprocessing = 0;
		};
/* End PBXFrameworksBuildPhase section */

/* Begin PBXGroup section */
		1B5EA0BC337C1C2743239BAB /* Frameworks */ = {
			isa = PBXGroup;
			children = (
				D0E1B3C620C749392E3FDB9C /* Pods_CustomTableView.framework */,
			);
			name = Frameworks;
			sourceTree = "<group>";
		};
		4E58FE59D576FEC92D7B331C /* Pods */ = {
			isa = PBXGroup;
			children = (
				77613F1BE6C513F79C839B32 /* Pods-CustomTableView.debug.xcconfig */,
				4D5EF3D360E1AC5B71638590 /* Pods-CustomTableView.release.xcconfig */,
			);
			path = Pods;
			sourceTree = "<group>";
		};
		51D6DA1E2998D70F004D81B8 = {
			isa = PBXGroup;
			children = (
				51D6DA292998D70F004D81B8 /* CustomTableView */,
				51D6DA282998D70F004D81B8 /* Products */,
				4E58FE59D576FEC92D7B331C /* Pods */,
				1B5EA0BC337C1C2743239BAB /* Frameworks */,
			);
			sourceTree = "<group>";
		};
		51D6DA282998D70F004D81B8 /* Products */ = {
			isa = PBXGroup;
			children = (
				51D6DA272998D70F004D81B8 /* CustomTableView.app */,
			);
			name = Products;
			sourceTree = "<group>";
		};
		51D6DA292998D70F004D81B8 /* CustomTableView */ = {
			isa = PBXGroup;
			children = (
				51D6DAA62998EAE5004D81B8 /* Models */,
				51D6DA2A2998D710004D81B8 /* AppDelegate.swift */,
				51D6DA2C2998D710004D81B8 /* SceneDelegate.swift */,
				51D6DA2E2998D710004D81B8 /* ViewController.swift */,
				51D6DA302998D710004D81B8 /* Main.storyboard */,
				51D6DAA92998EDC2004D81B8 /* MovieTableViewCell.swift */,
				51D6DA332998D712004D81B8 /* Assets.xcassets */,
				51D6DA352998D712004D81B8 /* LaunchScreen.storyboard */,
				51D6DA382998D712004D81B8 /* Info.plist */,
				22B8EA6429A0CCFC00B3726B /* MovieDetailViewController.swift */,
			);
			path = CustomTableView;
			sourceTree = "<group>";
		};
		51D6DAA62998EAE5004D81B8 /* Models */ = {
			isa = PBXGroup;
			children = (
				51D6DAA72998EB1B004D81B8 /* Movie.swift */,
			);
			path = Models;
			sourceTree = "<group>";
		};
/* End PBXGroup section */

/* Begin PBXNativeTarget section */
		51D6DA262998D70F004D81B8 /* CustomTableView */ = {
			isa = PBXNativeTarget;
			buildConfigurationList = 51D6DA3B2998D712004D81B8 /* Build configuration list for PBXNativeTarget "CustomTableView" */;
			buildPhases = (
				964E060C83E1D7EF1237D44D /* [CP] Check Pods Manifest.lock */,
				51D6DA232998D70F004D81B8 /* Sources */,
				51D6DA242998D70F004D81B8 /* Frameworks */,
				51D6DA252998D70F004D81B8 /* Resources */,
				1CE78A2364DE8BB0F99AB2AF /* [CP] Embed Pods Frameworks */,
			);
			buildRules = (
			);
			dependencies = (
			);
			name = CustomTableView;
			productName = CustomTableView;
			productReference = 51D6DA272998D70F004D81B8 /* CustomTableView.app */;
			productType = "com.apple.product-type.application";
		};
/* End PBXNativeTarget section */

/* Begin PBXProject section */
		51D6DA1F2998D70F004D81B8 /* Project object */ = {
			isa = PBXProject;
			attributes = {
				BuildIndependentTargetsInParallel = 1;
				LastSwiftUpdateCheck = 1400;
				LastUpgradeCheck = 1400;
				TargetAttributes = {
					51D6DA262998D70F004D81B8 = {
						CreatedOnToolsVersion = 14.0;
					};
				};
			};
			buildConfigurationList = 51D6DA222998D70F004D81B8 /* Build configuration list for PBXProject "CustomTableView" */;
			compatibilityVersion = "Xcode 14.0";
			developmentRegion = en;
			hasScannedForEncodings = 0;
			knownRegions = (
				en,
				Base,
			);
			mainGroup = 51D6DA1E2998D70F004D81B8;
			productRefGroup = 51D6DA282998D70F004D81B8 /* Products */;
			projectDirPath = "";
			projectRoot = "";
			targets = (
				51D6DA262998D70F004D81B8 /* CustomTableView */,
			);
		};
/* End PBXProject section */

/* Begin PBXResourcesBuildPhase section */
		51D6DA252998D70F004D81B8 /* Resources */ = {
			isa = PBXResourcesBuildPhase;
			buildActionMask = 2147483647;
			files = (
				51D6DA372998D712004D81B8 /* LaunchScreen.storyboard in Resources */,
				51D6DA342998D712004D81B8 /* Assets.xcassets in Resources */,
				51D6DA322998D710004D81B8 /* Main.storyboard in Resources */,
			);
			runOnlyForDeploymentPostprocessing = 0;
		};
/* End PBXResourcesBuildPhase section */

/* Begin PBXShellScriptBuildPhase section */
		1CE78A2364DE8BB0F99AB2AF /* [CP] Embed Pods Frameworks */ = {
			isa = PBXShellScriptBuildPhase;
			buildActionMask = 2147483647;
			files = (
			);
			inputFileListPaths = (
				"${PODS_ROOT}/Target Support Files/Pods-CustomTableView/Pods-CustomTableView-frameworks-${CONFIGURATION}-input-files.xcfilelist",
			);
			name = "[CP] Embed Pods Frameworks";
			outputFileListPaths = (
				"${PODS_ROOT}/Target Support Files/Pods-CustomTableView/Pods-CustomTableView-frameworks-${CONFIGURATION}-output-files.xcfilelist",
			);
			runOnlyForDeploymentPostprocessing = 0;
			shellPath = /bin/sh;
			shellScript = "\"${PODS_ROOT}/Target Support Files/Pods-CustomTableView/Pods-CustomTableView-frameworks.sh\"\n";
			showEnvVarsInLog = 0;
		};
		964E060C83E1D7EF1237D44D /* [CP] Check Pods Manifest.lock */ = {
			isa = PBXShellScriptBuildPhase;
			buildActionMask = 2147483647;
			files = (
			);
			inputFileListPaths = (
			);
			inputPaths = (
				"${PODS_PODFILE_DIR_PATH}/Podfile.lock",
				"${PODS_ROOT}/Manifest.lock",
			);
			name = "[CP] Check Pods Manifest.lock";
			outputFileListPaths = (
			);
			outputPaths = (
				"$(DERIVED_FILE_DIR)/Pods-CustomTableView-checkManifestLockResult.txt",
			);
			runOnlyForDeploymentPostprocessing = 0;
			shellPath = /bin/sh;
			shellScript = "diff \"${PODS_PODFILE_DIR_PATH}/Podfile.lock\" \"${PODS_ROOT}/Manifest.lock\" > /dev/null\nif [ $? != 0 ] ; then\n    # print error to STDERR\n    echo \"error: The sandbox is not in sync with the Podfile.lock. Run 'pod install' or update your CocoaPods installation.\" >&2\n    exit 1\nfi\n# This output is used by Xcode 'outputs' to avoid re-running this script phase.\necho \"SUCCESS\" > \"${SCRIPT_OUTPUT_FILE_0}\"\n";
			showEnvVarsInLog = 0;
		};
/* End PBXShellScriptBuildPhase section */

/* Begin PBXSourcesBuildPhase section */
		51D6DA232998D70F004D81B8 /* Sources */ = {
			isa = PBXSourcesBuildPhase;
			buildActionMask = 2147483647;
			files = (
				51D6DAAA2998EDC2004D81B8 /* MovieTableViewCell.swift in Sources */,
				51D6DA2F2998D710004D81B8 /* ViewController.swift in Sources */,
				51D6DA2B2998D710004D81B8 /* AppDelegate.swift in Sources */,
				51D6DAA82998EB1B004D81B8 /* Movie.swift in Sources */,
				22B8EA6529A0CCFC00B3726B /* MovieDetailViewController.swift in Sources */,
				51D6DA2D2998D710004D81B8 /* SceneDelegate.swift in Sources */,
			);
			runOnlyForDeploymentPostprocessing = 0;
		};
/* End PBXSourcesBuildPhase section */

/* Begin PBXVariantGroup section */
		51D6DA302998D710004D81B8 /* Main.storyboard */ = {
			isa = PBXVariantGroup;
			children = (
				51D6DA312998D710004D81B8 /* Base */,
			);
			name = Main.storyboard;
			sourceTree = "<group>";
		};
		51D6DA352998D712004D81B8 /* LaunchScreen.storyboard */ = {
			isa = PBXVariantGroup;
			children = (
				51D6DA362998D712004D81B8 /* Base */,
			);
			name = LaunchScreen.storyboard;
			sourceTree = "<group>";
		};
/* End PBXVariantGroup section */

/* Begin XCBuildConfiguration section */
		51D6DA392998D712004D81B8 /* Debug */ = {
			isa = XCBuildConfiguration;
			buildSettings = {
				ALWAYS_SEARCH_USER_PATHS = NO;
				CLANG_ANALYZER_NONNULL = YES;
				CLANG_ANALYZER_NUMBER_OBJECT_CONVERSION = YES_AGGRESSIVE;
				CLANG_CXX_LANGUAGE_STANDARD = "gnu++20";
				CLANG_ENABLE_MODULES = YES;
				CLANG_ENABLE_OBJC_ARC = YES;
				CLANG_ENABLE_OBJC_WEAK = YES;
				CLANG_WARN_BLOCK_CAPTURE_AUTORELEASING = YES;
				CLANG_WARN_BOOL_CONVERSION = YES;
				CLANG_WARN_COMMA = YES;
				CLANG_WARN_CONSTANT_CONVERSION = YES;
				CLANG_WARN_DEPRECATED_OBJC_IMPLEMENTATIONS = YES;
				CLANG_WARN_DIRECT_OBJC_ISA_USAGE = YES_ERROR;
				CLANG_WARN_DOCUMENTATION_COMMENTS = YES;
				CLANG_WARN_EMPTY_BODY = YES;
				CLANG_WARN_ENUM_CONVERSION = YES;
				CLANG_WARN_INFINITE_RECURSION = YES;
				CLANG_WARN_INT_CONVERSION = YES;
				CLANG_WARN_NON_LITERAL_NULL_CONVERSION = YES;
				CLANG_WARN_OBJC_IMPLICIT_RETAIN_SELF = YES;
				CLANG_WARN_OBJC_LITERAL_CONVERSION = YES;
				CLANG_WARN_OBJC_ROOT_CLASS = YES_ERROR;
				CLANG_WARN_QUOTED_INCLUDE_IN_FRAMEWORK_HEADER = YES;
				CLANG_WARN_RANGE_LOOP_ANALYSIS = YES;
				CLANG_WARN_STRICT_PROTOTYPES = YES;
				CLANG_WARN_SUSPICIOUS_MOVE = YES;
				CLANG_WARN_UNGUARDED_AVAILABILITY = YES_AGGRESSIVE;
				CLANG_WARN_UNREACHABLE_CODE = YES;
				CLANG_WARN__DUPLICATE_METHOD_MATCH = YES;
				COPY_PHASE_STRIP = NO;
				DEBUG_INFORMATION_FORMAT = dwarf;
				ENABLE_STRICT_OBJC_MSGSEND = YES;
				ENABLE_TESTABILITY = YES;
				GCC_C_LANGUAGE_STANDARD = gnu11;
				GCC_DYNAMIC_NO_PIC = NO;
				GCC_NO_COMMON_BLOCKS = YES;
				GCC_OPTIMIZATION_LEVEL = 0;
				GCC_PREPROCESSOR_DEFINITIONS = (
					"DEBUG=1",
					"$(inherited)",
				);
				GCC_WARN_64_TO_32_BIT_CONVERSION = YES;
				GCC_WARN_ABOUT_RETURN_TYPE = YES_ERROR;
				GCC_WARN_UNDECLARED_SELECTOR = YES;
				GCC_WARN_UNINITIALIZED_AUTOS = YES_AGGRESSIVE;
				GCC_WARN_UNUSED_FUNCTION = YES;
				GCC_WARN_UNUSED_VARIABLE = YES;
				IPHONEOS_DEPLOYMENT_TARGET = 16.0;
				MTL_ENABLE_DEBUG_INFO = INCLUDE_SOURCE;
				MTL_FAST_MATH = YES;
				ONLY_ACTIVE_ARCH = YES;
				SDKROOT = iphoneos;
				SWIFT_ACTIVE_COMPILATION_CONDITIONS = DEBUG;
				SWIFT_OPTIMIZATION_LEVEL = "-Onone";
			};
			name = Debug;
		};
		51D6DA3A2998D712004D81B8 /* Release */ = {
			isa = XCBuildConfiguration;
			buildSettings = {
				ALWAYS_SEARCH_USER_PATHS = NO;
				CLANG_ANALYZER_NONNULL = YES;
				CLANG_ANALYZER_NUMBER_OBJECT_CONVERSION = YES_AGGRESSIVE;
				CLANG_CXX_LANGUAGE_STANDARD = "gnu++20";
				CLANG_ENABLE_MODULES = YES;
				CLANG_ENABLE_OBJC_ARC = YES;
				CLANG_ENABLE_OBJC_WEAK = YES;
				CLANG_WARN_BLOCK_CAPTURE_AUTORELEASING = YES;
				CLANG_WARN_BOOL_CONVERSION = YES;
				CLANG_WARN_COMMA = YES;
				CLANG_WARN_CONSTANT_CONVERSION = YES;
				CLANG_WARN_DEPRECATED_OBJC_IMPLEMENTATIONS = YES;
				CLANG_WARN_DIRECT_OBJC_ISA_USAGE = YES_ERROR;
				CLANG_WARN_DOCUMENTATION_COMMENTS = YES;
				CLANG_WARN_EMPTY_BODY = YES;
				CLANG_WARN_ENUM_CONVERSION = YES;
				CLANG_WARN_INFINITE_RECURSION = YES;
				CLANG_WARN_INT_CONVERSION = YES;
				CLANG_WARN_NON_LITERAL_NULL_CONVERSION = YES;
				CLANG_WARN_OBJC_IMPLICIT_RETAIN_SELF = YES;
				CLANG_WARN_OBJC_LITERAL_CONVERSION = YES;
				CLANG_WARN_OBJC_ROOT_CLASS = YES_ERROR;
				CLANG_WARN_QUOTED_INCLUDE_IN_FRAMEWORK_HEADER = YES;
				CLANG_WARN_RANGE_LOOP_ANALYSIS = YES;
				CLANG_WARN_STRICT_PROTOTYPES = YES;
				CLANG_WARN_SUSPICIOUS_MOVE = YES;
				CLANG_WARN_UNGUARDED_AVAILABILITY = YES_AGGRESSIVE;
				CLANG_WARN_UNREACHABLE_CODE = YES;
				CLANG_WARN__DUPLICATE_METHOD_MATCH = YES;
				COPY_PHASE_STRIP = NO;
				DEBUG_INFORMATION_FORMAT = "dwarf-with-dsym";
				ENABLE_NS_ASSERTIONS = NO;
				ENABLE_STRICT_OBJC_MSGSEND = YES;
				GCC_C_LANGUAGE_STANDARD = gnu11;
				GCC_NO_COMMON_BLOCKS = YES;
				GCC_WARN_64_TO_32_BIT_CONVERSION = YES;
				GCC_WARN_ABOUT_RETURN_TYPE = YES_ERROR;
				GCC_WARN_UNDECLARED_SELECTOR = YES;
				GCC_WARN_UNINITIALIZED_AUTOS = YES_AGGRESSIVE;
				GCC_WARN_UNUSED_FUNCTION = YES;
				GCC_WARN_UNUSED_VARIABLE = YES;
				IPHONEOS_DEPLOYMENT_TARGET = 16.0;
				MTL_ENABLE_DEBUG_INFO = NO;
				MTL_FAST_MATH = YES;
				SDKROOT = iphoneos;
				SWIFT_COMPILATION_MODE = wholemodule;
				SWIFT_OPTIMIZATION_LEVEL = "-O";
				VALIDATE_PRODUCT = YES;
			};
			name = Release;
		};
		51D6DA3C2998D712004D81B8 /* Debug */ = {
			isa = XCBuildConfiguration;
			baseConfigurationReference = 77613F1BE6C513F79C839B32 /* Pods-CustomTableView.debug.xcconfig */;
			buildSettings = {
				ASSETCATALOG_COMPILER_APPICON_NAME = AppIcon;
				ASSETCATALOG_COMPILER_GLOBAL_ACCENT_COLOR_NAME = AccentColor;
				CODE_SIGN_STYLE = Automatic;
				CURRENT_PROJECT_VERSION = 1;
				DEVELOPMENT_TEAM = VUXKFT5B68;
				GENERATE_INFOPLIST_FILE = YES;
				INFOPLIST_FILE = CustomTableView/Info.plist;
				INFOPLIST_KEY_UIApplicationSupportsIndirectInputEvents = YES;
				INFOPLIST_KEY_UILaunchStoryboardName = LaunchScreen;
				INFOPLIST_KEY_UIMainStoryboardFile = Main;
				INFOPLIST_KEY_UISupportedInterfaceOrientations_iPad = "UIInterfaceOrientationPortrait UIInterfaceOrientationPortraitUpsideDown UIInterfaceOrientationLandscapeLeft UIInterfaceOrientationLandscapeRight";
				INFOPLIST_KEY_UISupportedInterfaceOrientations_iPhone = "UIInterfaceOrientationPortrait UIInterfaceOrientationLandscapeLeft UIInterfaceOrientationLandscapeRight";
				LD_RUNPATH_SEARCH_PATHS = (
					"$(inherited)",
					"@executable_path/Frameworks",
				);
				MARKETING_VERSION = 1.0;
				PRODUCT_BUNDLE_IDENTIFIER = com.bilgeadam.CustomTableView;
				PRODUCT_NAME = "$(TARGET_NAME)";
				SWIFT_EMIT_LOC_STRINGS = YES;
				SWIFT_VERSION = 5.0;
				TARGETED_DEVICE_FAMILY = "1,2";
			};
			name = Debug;
		};
		51D6DA3D2998D712004D81B8 /* Release */ = {
			isa = XCBuildConfiguration;
			baseConfigurationReference = 4D5EF3D360E1AC5B71638590 /* Pods-CustomTableView.release.xcconfig */;
			buildSettings = {
				ASSETCATALOG_COMPILER_APPICON_NAME = AppIcon;
				ASSETCATALOG_COMPILER_GLOBAL_ACCENT_COLOR_NAME = AccentColor;
				CODE_SIGN_STYLE = Automatic;
				CURRENT_PROJECT_VERSION = 1;
				DEVELOPMENT_TEAM = VUXKFT5B68;
				GENERATE_INFOPLIST_FILE = YES;
				INFOPLIST_FILE = CustomTableView/Info.plist;
				INFOPLIST_KEY_UIApplicationSupportsIndirectInputEvents = YES;
				INFOPLIST_KEY_UILaunchStoryboardName = LaunchScreen;
				INFOPLIST_KEY_UIMainStoryboardFile = Main;
				INFOPLIST_KEY_UISupportedInterfaceOrientations_iPad = "UIInterfaceOrientationPortrait UIInterfaceOrientationPortraitUpsideDown UIInterfaceOrientationLandscapeLeft UIInterfaceOrientationLandscapeRight";
				INFOPLIST_KEY_UISupportedInterfaceOrientations_iPhone = "UIInterfaceOrientationPortrait UIInterfaceOrientationLandscapeLeft UIInterfaceOrientationLandscapeRight";
				LD_RUNPATH_SEARCH_PATHS = (
					"$(inherited)",
					"@executable_path/Frameworks",
				);
				MARKETING_VERSION = 1.0;
				PRODUCT_BUNDLE_IDENTIFIER = com.bilgeadam.CustomTableView;
				PRODUCT_NAME = "$(TARGET_NAME)";
				SWIFT_EMIT_LOC_STRINGS = YES;
				SWIFT_VERSION = 5.0;
				TARGETED_DEVICE_FAMILY = "1,2";
			};
			name = Release;
		};
/* End XCBuildConfiguration section */

/* Begin XCConfigurationList section */
		51D6DA222998D70F004D81B8 /* Build configuration list for PBXProject "CustomTableView" */ = {
			isa = XCConfigurationList;
			buildConfigurations = (
				51D6DA392998D712004D81B8 /* Debug */,
				51D6DA3A2998D712004D81B8 /* Release */,
			);
			defaultConfigurationIsVisible = 0;
			defaultConfigurationName = Release;
		};
		51D6DA3B2998D712004D81B8 /* Build configuration list for PBXNativeTarget "CustomTableView" */ = {
			isa = XCConfigurationList;
			buildConfigurations = (
				51D6DA3C2998D712004D81B8 /* Debug */,
				51D6DA3D2998D712004D81B8 /* Release */,
			);
			defaultConfigurationIsVisible = 0;
			defaultConfigurationName = Release;
		};
/* End XCConfigurationList section */
	};
	rootObject = 51D6DA1F2998D70F004D81B8 /* Project object */;
}
